
Microsoft Visual Studio Solution File, Format Version 12.00
# Visual Studio Version 17
VisualStudioVersion = 17.1.32228.430
MinimumVisualStudioVersion = 10.0.40219.1
Project("{2150E333-8FDC-42A3-9474-1A3956D46DE8}") = "Solution Items", "Solution Items", "{C1202EB8-58C8-4735-8CAC-97AA4A22B398}"
	ProjectSection(SolutionItems) = preProject
		TextFile1.txt = TextFile1.txt
	EndProjectSection
EndProject
Project("{FAE04EC0-301F-11D3-BF4B-00C04F79EFBC}") = "Array", "Array\Array.csproj", "{7373AD94-F912-4247-A7DA-9D55B1B4BD8C}"
EndProject
Project("{FAE04EC0-301F-11D3-BF4B-00C04F79EFBC}") = "LinkedList", "LinkedList\LinkedList.csproj", "{DEF5E8E1-0838-4CEE-92E7-D5F13362BB74}"
EndProject
Project("{FAE04EC0-301F-11D3-BF4B-00C04F79EFBC}") = "Queue", "Queue\Queue.csproj", "{F5DF5367-B7C1-4242-9039-9050842067EE}"
EndProject
Project("{FAE04EC0-301F-11D3-BF4B-00C04F79EFBC}") = "Stack", "Stack\Stack.csproj", "{5D940A7E-B18C-4D9A-9DF8-CA9656F3A3A2}"
EndProject
Project("{FAE04EC0-301F-11D3-BF4B-00C04F79EFBC}") = "Tree", "Tree\Tree.csproj", "{41E721E5-BE23-4F76-B739-509C3AB64263}"
EndProject
Project("{FAE04EC0-301F-11D3-BF4B-00C04F79EFBC}") = "BinaryTree", "BinaryTree\BinaryTree.csproj", "{C6C9C45C-1A59-46D1-B75B-B0EAC54EA59E}"
EndProject
Global
	GlobalSection(SolutionConfigurationPlatforms) = preSolution
		Debug|Any CPU = Debug|Any CPU
		Release|Any CPU = Release|Any CPU
	EndGlobalSection
	GlobalSection(ProjectConfigurationPlatforms) = postSolution
		{7373AD94-F912-4247-A7DA-9D55B1B4BD8C}.Debug|Any CPU.ActiveCfg = Debug|Any CPU
		{7373AD94-F912-4247-A7DA-9D55B1B4BD8C}.Debug|Any CPU.Build.0 = Debug|Any CPU
		{7373AD94-F912-4247-A7DA-9D55B1B4BD8C}.Release|Any CPU.ActiveCfg = Release|Any CPU
		{7373AD94-F912-4247-A7DA-9D55B1B4BD8C}.Release|Any CPU.Build.0 = Release|Any CPU
		{DEF5E8E1-0838-4CEE-92E7-D5F13362BB74}.Debug|Any CPU.ActiveCfg = Debug|Any CPU
		{DEF5E8E1-0838-4CEE-92E7-D5F13362BB74}.Debug|Any CPU.Build.0 = Debug|Any CPU
		{DEF5E8E1-0838-4CEE-92E7-D5F13362BB74}.Release|Any CPU.ActiveCfg = Release|Any CPU
		{DEF5E8E1-0838-4CEE-92E7-D5F13362BB74}.Release|Any CPU.Build.0 = Release|Any CPU
		{F5DF5367-B7C1-4242-9039-9050842067EE}.Debug|Any CPU.ActiveCfg = Debug|Any CPU
		{F5DF5367-B7C1-4242-9039-9050842067EE}.Debug|Any CPU.Build.0 = Debug|Any CPU
		{F5DF5367-B7C1-4242-9039-9050842067EE}.Release|Any CPU.ActiveCfg = Release|Any CPU
		{F5DF5367-B7C1-4242-9039-9050842067EE}.Release|Any CPU.Build.0 = Release|Any CPU
		{5D940A7E-B18C-4D9A-9DF8-CA9656F3A3A2}.Debug|Any CPU.ActiveCfg = Debug|Any CPU
		{5D940A7E-B18C-4D9A-9DF8-CA9656F3A3A2}.Debug|Any CPU.Build.0 = Debug|Any CPU
		{5D940A7E-B18C-4D9A-9DF8-CA9656F3A3A2}.Release|Any CPU.ActiveCfg = Release|Any CPU
		{5D940A7E-B18C-4D9A-9DF8-CA9656F3A3A2}.Release|Any CPU.Build.0 = Release|Any CPU
		{41E721E5-BE23-4F76-B739-509C3AB64263}.Debug|Any CPU.ActiveCfg = Debug|Any CPU
		{41E721E5-BE23-4F76-B739-509C3AB64263}.Debug|Any CPU.Build.0 = Debug|Any CPU
		{41E721E5-BE23-4F76-B739-509C3AB64263}.Release|Any CPU.ActiveCfg = Release|Any CPU
		{41E721E5-BE23-4F76-B739-509C3AB64263}.Release|Any CPU.Build.0 = Release|Any CPU
		{C6C9C45C-1A59-46D1-B75B-B0EAC54EA59E}.Debug|Any CPU.ActiveCfg = Debug|Any CPU
		{C6C9C45C-1A59-46D1-B75B-B0EAC54EA59E}.Debug|Any CPU.Build.0 = Debug|Any CPU
		{C6C9C45C-1A59-46D1-B75B-B0EAC54EA59E}.Release|Any CPU.ActiveCfg = Release|Any CPU
		{C6C9C45C-1A59-46D1-B75B-B0EAC54EA59E}.Release|Any CPU.Build.0 = Release|Any CPU
	EndGlobalSection
	GlobalSection(SolutionProperties) = preSolution
		HideSolutionNode = FALSE
	EndGlobalSection
	GlobalSection(ExtensibilityGlobals) = postSolution
		SolutionGuid = {E2443ACF-0354-4A8C-9980-096EE31D7E40}
	EndGlobalSection
EndGlobal
